lockfileVersion: '9.0'

settings:
  autoInstallPeers: true
  excludeLinksFromLockfile: false

importers:

  .:
    dependencies:
      '@automerge/automerge':
        specifier: 3.2.1
        version: 3.2.1

packages:

  '@automerge/automerge@3.2.1':
    resolution: {integrity: sha512-xsEZlZe8lWyVCbD7Z7roH4X6ZKlRxMmmumb0M5CuxJWptUEfYsf+1z9lFEJh4aDBbWTLAgxsXd+TBi6jKTj0+g==}

snapshots:

  '@automerge/automerge@3.2.1': {}
