lockfileVersion: '9.0'

settings:
  autoInstallPeers: true
  excludeLinksFromLockfile: false

importers:

  .:
    dependencies:
      '@automerge/automerge-repo':
        specifier: ^2.5.0
        version: 2.5.5
      '@inkandswitch/patchwork-plugins':
        specifier: ^0.0.4
        version: 0.0.4
      '@mediapipe/tasks-vision':
        specifier: ^0.10.35
        version: 0.10.35
      '@pixiv/three-vrm':
        specifier: ^3.5.2
        version: 3.5.2(three@0.184.0)
      '@undecaf/zbar-wasm':
        specifier: ^0.11.0
        version: 0.11.0
      aruco-marker:
        specifier: ^3.0.1
        version: 3.0.1
      js-aruco:
        specifier: ^0.1.0
        version: 0.1.0
      qrcode:
        specifier: ^1.5.4
        version: 1.5.4
      three:
        specifier: ^0.184.0
        version: 0.184.0
    devDependencies:
      '@inkandswitch/patchwork-bootloader':
        specifier: ^0.0.9
        version: 0.0.9(@automerge/automerge-repo-keyhive@0.2.0-alpha.1d)(@automerge/automerge-repo@2.5.5)(@automerge/automerge@3.2.6)(@automerge/vanillajs@2.6.0-subduction.15)
      '@types/qrcode':
        specifier: ^1.5.5
        version: 1.5.6
      '@types/three':
        specifier: ^0.184.1
        version: 0.184.1
      esbuild:
        specifier: ^0.23.1
        version: 0.23.1

packages:

  '@automerge/automerge-repo-keyhive@0.2.0-alpha.1d':
    resolution: {integrity: sha512-p+4PnUua9vtvmdoZQXNOdl6SJGISF90JHi95zw33gUen4LHerNgXx7RVc0uDMC6WOfhKxJANqE2f+VKCQwis9w==}

  '@automerge/automerge-repo-network-broadcastchannel@2.6.0-subduction.15':
    resolution: {integrity: sha512-KqhWYmSkdDqNcVhrHWI07GH9IwJaYGimrpJW5yBdEy7YeIcEK9DwYprUHXifxpmpE+Pn7HZtAcFHA9NDicG30w==}

  '@automerge/automerge-repo-network-messagechannel@2.6.0-subduction.15':
    resolution: {integrity: sha512-3OFi1GEhaojtpHtbfbQ4S7jjIxVA/471Qm5wiEIe6uPH+6XdwSuSBmh1GK6msllw3g8aj3Re81wCr+Llc9EM1A==}

  '@automerge/automerge-repo-network-websocket@2.5.3':
    resolution: {integrity: sha512-p6K1YLo34cyGxJ6oMWqeBbWX9rGvEPGyPdX2eq8S/iWNDjYf8lbjKSOhOD8DX87uAMZN/y1XOY/RckwS8lPJbQ==}

  '@automerge/automerge-repo-network-websocket@2.6.0-subduction.15':
    resolution: {integrity: sha512-vbNTG/jHetrjkPV97W1yA81kQJVv/TAoo1bbrh1poerZ+zuE/EptwqrREwf0BRfg9qWFbABjgcasSayxygRUgg==}

  '@automerge/automerge-repo-storage-indexeddb@2.6.0-subduction.15':
    resolution: {integrity: sha512-AHG7QgSMVv7F85WuSMQ++i7o4Sx8Gg914oNBeiw63WyGcRtv00SCINs1MGBxFFs2rvb+NWgwJurxTeINzKAoUA==}

  '@automerge/automerge-repo@2.5.0':
    resolution: {integrity: sha512-bdxuMuKmxw0ZjwQXecrIX1VrHXf445bYCftNJJ5vqgGWVvINB5ZKFYAbtgPIyu1Y0TXQKvc6eqESaDeL+g8MmA==}

  '@automerge/automerge-repo@2.5.3':
    resolution: {integrity: sha512-5ppzsUlzCs6PY+GeFlquaYLnVnYPz/hWzedep37zjb15tqZju1ukPPkBzT7KGEhEAnA99l4vfhfqSVC+1GktJg==}

  '@automerge/automerge-repo@2.5.5':
    resolution: {integrity: sha512-A7vrMvIx5axW3smczZStONaZsksFSjKK8e0Th0u+oEV3aMsylaExpDvjRE2ZIZotJT30+l3tCUlge/n/XGK25Q==}

  '@automerge/automerge-repo@2.6.0-subduction.15':
    resolution: {integrity: sha512-FqLWc35Tcn68owLqSqMdJ/d1NIqLgS1taniBZGAMrJf5dB+mgat2azxytZeJdhlGOUI3GWpwLj+GFPP8gjBBSA==}

  '@automerge/automerge-subduction@0.8.1':
    resolution: {integrity: sha512-xUiVrdDwGgkwUV6z3MS6iofkC6Ub13F5xf6egllA6xECzWj5pdUEI8TVAEi4vk4QExbOUqZg78iwAh53LI3wFA==}

  '@automerge/automerge@3.2.1':
    resolution: {integrity: sha512-xsEZlZe8lWyVCbD7Z7roH4X6ZKlRxMmmumb0M5CuxJWptUEfYsf+1z9lFEJh4aDBbWTLAgxsXd+TBi6jKTj0+g==}

  '@automerge/automerge@3.2.6':
    resolution: {integrity: sha512-9/GXXfYYWNVGpnbRrGQzTNU4fWZ3XaEMeEg0OrpK4pvlQSpkmUBoirEb/4TMK6BwMysZGV5Yeneq3wwc7RNGfg==}

  '@automerge/vanillajs@2.6.0-subduction.15':
    resolution: {integrity: sha512-uWihD9tgjzLR5OpqTmJ55RgWYbwqmpbd8hI0pezH80gR4Sv7aYNkp5ytGXtIYnndxzfC58bXeuIhttKFfQTyMg==}

  '@cbor-extract/cbor-extract-darwin-arm64@2.2.2':
    resolution: {integrity: sha512-ZKZ/F8US7JR92J4DMct6cLW/Y66o2K576+zjlEN/MevH70bFIsB10wkZEQPLzl2oNh2SMGy55xpJ9JoBRl5DOA==}
    cpu: [arm64]
    os: [darwin]

  '@cbor-extract/cbor-extract-darwin-x64@2.2.2':
    resolution: {integrity: sha512-32b1mgc+P61Js+KW9VZv/c+xRw5EfmOcPx990JbCBSkYJFY0l25VinvyyWfl+3KjibQmAcYwmyzKF9J4DyKP/Q==}
    cpu: [x64]
    os: [darwin]

  '@cbor-extract/cbor-extract-linux-arm64@2.2.2':
    resolution: {integrity: sha512-wfqgzqCAy/Vn8i6WVIh7qZd0DdBFaWBjPdB6ma+Wihcjv0gHqD/mw3ouVv7kbbUNrab6dKEx/w3xQZEdeXIlzg==}
    cpu: [arm64]
    os: [linux]

  '@cbor-extract/cbor-extract-linux-arm@2.2.2':
    resolution: {integrity: sha512-tNg0za41TpQfkhWjptD+0gSD2fggMiDCSacuIeELyb2xZhr7PrhPe5h66Jc67B/5dmpIhI2QOUtv4SBsricyYQ==}
    cpu: [arm]
    os: [linux]

  '@cbor-extract/cbor-extract-linux-x64@2.2.2':
    resolution: {integrity: sha512-rpiLnVEsqtPJ+mXTdx1rfz4RtUGYIUg2rUAZgd1KjiC1SehYUSkJN7Yh+aVfSjvCGtVP0/bfkQkXpPXKbmSUaA==}
    cpu: [x64]
    os: [linux]

  '@cbor-extract/cbor-extract-win32-x64@2.2.2':
    resolution: {integrity: sha512-dI+9P7cfWxkTQ+oE+7Aa6onEn92PHgfWXZivjNheCRmTBDBf2fx6RyTi0cmgpYLnD1KLZK9ZYrMxaPZ4oiXhGA==}
    cpu: [x64]
    os: [win32]

  '@dimforge/rapier3d-compat@0.12.0':
    resolution: {integrity: sha512-uekIGetywIgopfD97oDL5PfeezkFpNhwlzlaEYNOA0N6ghdsOvh/HYjSMek5Q2O1PYvRSDFcqFVJl4r4ZBwOow==}

  '@esbuild/aix-ppc64@0.23.1':
    resolution: {integrity: sha512-6VhYk1diRqrhBAqpJEdjASR/+WVRtfjpqKuNw11cLiaWpAT/Uu+nokB+UJnevzy/P9C/ty6AOe0dwueMrGh/iQ==}
    engines: {node: '>=18'}
    cpu: [ppc64]
    os: [aix]

  '@esbuild/android-arm64@0.23.1':
    resolution: {integrity: sha512-xw50ipykXcLstLeWH7WRdQuysJqejuAGPd30vd1i5zSyKK3WE+ijzHmLKxdiCMtH1pHz78rOg0BKSYOSB/2Khw==}
    engines: {node: '>=18'}
    cpu: [arm64]
    os: [android]

  '@esbuild/android-arm@0.23.1':
    resolution: {integrity: sha512-uz6/tEy2IFm9RYOyvKl88zdzZfwEfKZmnX9Cj1BHjeSGNuGLuMD1kR8y5bteYmwqKm1tj8m4cb/aKEorr6fHWQ==}
    engines: {node: '>=18'}
    cpu: [arm]
    os: [android]

  '@esbuild/android-x64@0.23.1':
    resolution: {integrity: sha512-nlN9B69St9BwUoB+jkyU090bru8L0NA3yFvAd7k8dNsVH8bi9a8cUAUSEcEEgTp2z3dbEDGJGfP6VUnkQnlReg==}
    engines: {node: '>=18'}
    cpu: [x64]
    os: [android]

  '@esbuild/darwin-arm64@0.23.1':
    resolution: {integrity: sha512-YsS2e3Wtgnw7Wq53XXBLcV6JhRsEq8hkfg91ESVadIrzr9wO6jJDMZnCQbHm1Guc5t/CdDiFSSfWP58FNuvT3Q==}
    engines: {node: '>=18'}
    cpu: [arm64]
    os: [darwin]

  '@esbuild/darwin-x64@0.23.1':
    resolution: {integrity: sha512-aClqdgTDVPSEGgoCS8QDG37Gu8yc9lTHNAQlsztQ6ENetKEO//b8y31MMu2ZaPbn4kVsIABzVLXYLhCGekGDqw==}
    engines: {node: '>=18'}
    cpu: [x64]
    os: [darwin]

  '@esbuild/freebsd-arm64@0.23.1':
    resolution: {integrity: sha512-h1k6yS8/pN/NHlMl5+v4XPfikhJulk4G+tKGFIOwURBSFzE8bixw1ebjluLOjfwtLqY0kewfjLSrO6tN2MgIhA==}
    engines: {node: '>=18'}
    cpu: [arm64]
    os: [freebsd]

  '@esbuild/freebsd-x64@0.23.1':
    resolution: {integrity: sha512-lK1eJeyk1ZX8UklqFd/3A60UuZ/6UVfGT2LuGo3Wp4/z7eRTRYY+0xOu2kpClP+vMTi9wKOfXi2vjUpO1Ro76g==}
    engines: {node: '>=18'}
    cpu: [x64]
    os: [freebsd]

  '@esbuild/linux-arm64@0.23.1':
    resolution: {integrity: sha512-/93bf2yxencYDnItMYV/v116zff6UyTjo4EtEQjUBeGiVpMmffDNUyD9UN2zV+V3LRV3/on4xdZ26NKzn6754g==}
    engines: {node: '>=18'}
    cpu: [arm64]
    os: [linux]

  '@esbuild/linux-arm@0.23.1':
    resolution: {integrity: sha512-CXXkzgn+dXAPs3WBwE+Kvnrf4WECwBdfjfeYHpMeVxWE0EceB6vhWGShs6wi0IYEqMSIzdOF1XjQ/Mkm5d7ZdQ==}
    engines: {node: '>=18'}
    cpu: [arm]
    os: [linux]

  '@esbuild/linux-ia32@0.23.1':
    resolution: {integrity: sha512-VTN4EuOHwXEkXzX5nTvVY4s7E/Krz7COC8xkftbbKRYAl96vPiUssGkeMELQMOnLOJ8k3BY1+ZY52tttZnHcXQ==}
    engines: {node: '>=18'}
    cpu: [ia32]
    os: [linux]

  '@esbuild/linux-loong64@0.23.1':
    resolution: {integrity: sha512-Vx09LzEoBa5zDnieH8LSMRToj7ir/Jeq0Gu6qJ/1GcBq9GkfoEAoXvLiW1U9J1qE/Y/Oyaq33w5p2ZWrNNHNEw==}
    engines: {node: '>=18'}
    cpu: [loong64]
    os: [linux]

  '@esbuild/linux-mips64el@0.23.1':
    resolution: {integrity: sha512-nrFzzMQ7W4WRLNUOU5dlWAqa6yVeI0P78WKGUo7lg2HShq/yx+UYkeNSE0SSfSure0SqgnsxPvmAUu/vu0E+3Q==}
    engines: {node: '>=18'}
    cpu: [mips64el]
    os: [linux]

  '@esbuild/linux-ppc64@0.23.1':
    resolution: {integrity: sha512-dKN8fgVqd0vUIjxuJI6P/9SSSe/mB9rvA98CSH2sJnlZ/OCZWO1DJvxj8jvKTfYUdGfcq2dDxoKaC6bHuTlgcw==}
    engines: {node: '>=18'}
    cpu: [ppc64]
    os: [linux]

  '@esbuild/linux-riscv64@0.23.1':
    resolution: {integrity: sha512-5AV4Pzp80fhHL83JM6LoA6pTQVWgB1HovMBsLQ9OZWLDqVY8MVobBXNSmAJi//Csh6tcY7e7Lny2Hg1tElMjIA==}
    engines: {node: '>=18'}
    cpu: [riscv64]
    os: [linux]

  '@esbuild/linux-s390x@0.23.1':
    resolution: {integrity: sha512-9ygs73tuFCe6f6m/Tb+9LtYxWR4c9yg7zjt2cYkjDbDpV/xVn+68cQxMXCjUpYwEkze2RcU/rMnfIXNRFmSoDw==}
    engines: {node: '>=18'}
    cpu: [s390x]
    os: [linux]

  '@esbuild/linux-x64@0.23.1':
    resolution: {integrity: sha512-EV6+ovTsEXCPAp58g2dD68LxoP/wK5pRvgy0J/HxPGB009omFPv3Yet0HiaqvrIrgPTBuC6wCH1LTOY91EO5hQ==}
    engines: {node: '>=18'}
    cpu: [x64]
    os: [linux]

  '@esbuild/netbsd-x64@0.23.1':
    resolution: {integrity: sha512-aevEkCNu7KlPRpYLjwmdcuNz6bDFiE7Z8XC4CPqExjTvrHugh28QzUXVOZtiYghciKUacNktqxdpymplil1beA==}
    engines: {node: '>=18'}
    cpu: [x64]
    os: [netbsd]

  '@esbuild/openbsd-arm64@0.23.1':
    resolution: {integrity: sha512-3x37szhLexNA4bXhLrCC/LImN/YtWis6WXr1VESlfVtVeoFJBRINPJ3f0a/6LV8zpikqoUg4hyXw0sFBt5Cr+Q==}
    engines: {node: '>=18'}
    cpu: [arm64]
    os: [openbsd]

  '@esbuild/openbsd-x64@0.23.1':
    resolution: {integrity: sha512-aY2gMmKmPhxfU+0EdnN+XNtGbjfQgwZj43k8G3fyrDM/UdZww6xrWxmDkuz2eCZchqVeABjV5BpildOrUbBTqA==}
    engines: {node: '>=18'}
    cpu: [x64]
    os: [openbsd]

  '@esbuild/sunos-x64@0.23.1':
    resolution: {integrity: sha512-RBRT2gqEl0IKQABT4XTj78tpk9v7ehp+mazn2HbUeZl1YMdaGAQqhapjGTCe7uw7y0frDi4gS0uHzhvpFuI1sA==}
    engines: {node: '>=18'}
    cpu: [x64]
    os: [sunos]

  '@esbuild/win32-arm64@0.23.1':
    resolution: {integrity: sha512-4O+gPR5rEBe2FpKOVyiJ7wNDPA8nGzDuJ6gN4okSA1gEOYZ67N8JPk58tkWtdtPeLz7lBnY6I5L3jdsr3S+A6A==}
    engines: {node: '>=18'}
    cpu: [arm64]
    os: [win32]

  '@esbuild/win32-ia32@0.23.1':
    resolution: {integrity: sha512-BcaL0Vn6QwCwre3Y717nVHZbAa4UBEigzFm6VdsVdT/MbZ38xoj1X9HPkZhbmaBGUD1W8vxAfffbDe8bA6AKnQ==}
    engines: {node: '>=18'}
    cpu: [ia32]
    os: [win32]

  '@esbuild/win32-x64@0.23.1':
    resolution: {integrity: sha512-BHpFFeslkWrXWyUPnbKm+xYYVYruCinGcftSBaa8zoF9hZO4BcSCFUvHVTtzpIY6YzUnYtuEhZ+C9iEXjxnasg==}
    engines: {node: '>=18'}
    cpu: [x64]
    os: [win32]

  '@inkandswitch/patchwork-bootloader@0.0.9':
    resolution: {integrity: sha512-MhiU/4H7pI35mIGcLnLV+9u3gmKIoi+uVo+QyEC7cO7K4nNTPi/VO8PWquFN+JPcYFZgy+TxScuS2dE7sjJzjQ==}
    peerDependencies:
      '@automerge/automerge': 3.2.5
      '@automerge/automerge-repo': 2.6.0-subduction.15
      '@automerge/automerge-repo-keyhive': 0.2.0-alpha.1d
      '@automerge/vanillajs': 2.6.0-subduction.15

  '@inkandswitch/patchwork-elements@0.0.7':
    resolution: {integrity: sha512-UoCNTMgre+voQO0MaahcXgIOtZU0yy5YY4QD9L46nURDbaDsaDdfizoKLsVb4kVKtR69Tmmp2QXwKUp99a9VfQ==}
    peerDependencies:
      '@automerge/automerge-repo': '*'
      '@inkandswitch/patchwork-filesystem': ^0.0.5
      '@inkandswitch/patchwork-plugins': ^0.0.7

  '@inkandswitch/patchwork-filesystem@0.0.3':
    resolution: {integrity: sha512-x6yqX1Xyr05ug4YfRyfKJ7jSm/zjhMxU7g/e70nz4QbxfLmcG98LHB9qAkFI2zd+VvKLnTvSpPGu2UvJzXGciw==}

  '@inkandswitch/patchwork-filesystem@0.0.5':
    resolution: {integrity: sha512-qt2qmhyXe6Vy/4rPo85YNKutrkv2afAkRghbVuV1P+zmRX73/ISWp0ALnsVzpH1tHCSR7K8XUbEDGiATLB36oQ==}
    peerDependencies:
      '@automerge/automerge': '*'
      '@automerge/automerge-repo': '*'

  '@inkandswitch/patchwork-plugins@0.0.4':
    resolution: {integrity: sha512-Rh/5sUWxflG08de9Qj1SjBmuID2OydxC3QhlDgYwG/yGkftogvZsSAqIuAD9VSJCgILPU1MJ2708hOkbPLzn3w==}

  '@inkandswitch/patchwork-plugins@0.0.7':
    resolution: {integrity: sha512-PkVS3SqR6klLJy7pes9ObH3PU7SfacbfVou9E+h3V7Z6KhcgIj5CT4rJvKq4bpi6cWT33CVJBffxr59XTGMYng==}
    peerDependencies:
      '@automerge/automerge': '*'
      '@automerge/automerge-repo': '*'
      '@inkandswitch/patchwork-filesystem': ^0.0.4

  '@keyhive/keyhive@0.0.0-alpha.56':
    resolution: {integrity: sha512-hx/MRkRqCSJFIh5jHKs9HkzDQy4tUZzgaRlc85+8t22VciubmZAU1FyugmYboskPUxUGwqZC1GarwXfxhrp5DA==}

  '@mediapipe/tasks-vision@0.10.35':
    resolution: {integrity: sha512-HOvadwVRE6JC+45nyYhmnywnr5h/J8KZvOeUNVOG9q/0875pZgItznFB9bRTvLc264YSJqiZ1NsIpCStJw/egg==}

  '@noble/hashes@1.8.0':
    resolution: {integrity: sha512-jCs9ldd7NwzpgXDIf6P3+NrHh9/sD6CQdxHyjQI+h/6rDNo88ypBxxz45UDuZHz9r3tNz7N/VInSVoVdtXEI4A==}
    engines: {node: ^14.21.3 || >=16}

  '@pixiv/three-vrm-core@3.5.2':
    resolution: {integrity: sha512-QFpkCvsD5VMApNyIqFEw1lxSKFCM5X8+715FsfsAOx5mLh2LP0E0pDmqpDjfau/kAkDpWquGwzzHmXdAYjc8mQ==}
    peerDependencies:
      three: '>=0.137'

  '@pixiv/three-vrm-materials-hdr-emissive-multiplier@3.5.2':
    resolution: {integrity: sha512-XJk6l/kexWeYpZmQu0h6VBXPsx4IV2uCN/9EPSJV8usspmP8CcMOsWx/5ESW4DKvGFufbiFZ5J6SGECJOTXTYg==}
    peerDependencies:
      three: '>=0.137'

  '@pixiv/three-vrm-materials-mtoon@3.5.2':
    resolution: {integrity: sha512-P0oobZJ+JrMae7jdGgHqQqcoHpp3WYXq5blyCMybfsgxh9KtDzJ2NpBXf57LQlkN0cD6iT0R299tAqfH/1Uqcg==}
    peerDependencies:
      three: '>=0.137'

  '@pixiv/three-vrm-materials-v0compat@3.5.2':
    resolution: {integrity: sha512-KuAq0ewDGqDKP8lmLAFrhpwRhYnUhnck6HqjO90XJM1b6HgoqyZK2CNOfTsgJQMJgp7sXF6J0EhjCkBiXTNvGA==}
    peerDependencies:
      three: '>=0.137'

  '@pixiv/three-vrm-node-constraint@3.5.2':
    resolution: {integrity: sha512-jUBL6XkgTKhf/YgkDILHYAjOlN4n1Oz2dSSSvIfbJ0RVDah9jACm2775ZTult9ADgWmyvBsJQUr5u8JWOMLOKg==}
    peerDependencies:
      three: '>=0.137'

  '@pixiv/three-vrm-springbone@3.5.2':
    resolution: {integrity: sha512-+V3ok2W93f7U4wTcclgZxwz3hKe78DjStl1lCBsORKTo21tLMHyeHoNDQCJ8i1bvjLrr4QLfGYH/oBbVNPxvWQ==}
    peerDependencies:
      three: '>=0.137'

  '@pixiv/three-vrm@3.5.2':
    resolution: {integrity: sha512-YC3T8WZvb18n1uzYS60I9WCc2kOJxWZ/Q0RfklFAg0nD3Dz/kvvEoCYfZj5idnJqOtbLUXZGXZF1KCXKUB2qHg==}
    peerDependencies:
      three: '>=0.137'

  '@pixiv/types-vrm-0.0@3.5.2':
    resolution: {integrity: sha512-H+aiDQqezc1plVJFyvxK4/gfFtpKlK9WghumHGm+dnsRoROLmUZw6sQoHmpd9UoXI2hu1UHiIyyJLHP/MMaWhQ==}

  '@pixiv/types-vrmc-materials-hdr-emissive-multiplier-1.0@3.5.2':
    resolution: {integrity: sha512-dv8oJ8uFRsGqLUtV75Dovmg3lbTbu5oi5s+P/5+oPy7LCs/JsJtSDXCycDwQBYtrie797VMHp4b7G8TvGCP+gQ==}

  '@pixiv/types-vrmc-materials-mtoon-1.0@3.5.2':
    resolution: {integrity: sha512-dXC9vphdKDKQNpPpj61l+nveQK/soYFpfFqr74hKo/7BaYm5B6nZ6uImQYPCD7U2WICUF91lBoRYKD9ONTPHmQ==}

  '@pixiv/types-vrmc-node-constraint-1.0@3.5.2':
    resolution: {integrity: sha512-4swBTE/FgQlpfOPnnFQFD7GF/XiNB883prIr2KOhAqru0VjOyiYDQPIZTwynKtBFCIjUxp9DW4YQzR6ETqhQmw==}

  '@pixiv/types-vrmc-springbone-1.0@3.5.2':
    resolution: {integrity: sha512-Au+nszNPbOuaCdaymOQ5jXFknWb5Md7xjCzoP9aPAHeh1uRKHccR1MErtzuRit/9L6mNhW1OneXet9+Ple5GmQ==}

  '@pixiv/types-vrmc-springbone-extended-collider-1.0@3.5.2':
    resolution: {integrity: sha512-W1CeeAwm6ybiWHrQcqOFOvcO/9LKzLA2fA0wBT30BCwvQFLIwo77mU91N88+TcEeXdH+RxVil/oEdVH7aFZ6nw==}

  '@pixiv/types-vrmc-vrm-1.0@3.5.2':
    resolution: {integrity: sha512-kgvRCJc9J0ruaVIxC5R9x4ZYNpM1bxs7vSMcl4SYPi2+baolHvXQiH0kFaN61+rFleld+sOOjDHtE98egY2dxQ==}

  '@tweenjs/tween.js@23.1.3':
    resolution: {integrity: sha512-vJmvvwFxYuGnF2axRtPYocag6Clbb5YS7kLL+SO/TeVFzHqDIWrNKYtcsPMibjDx9O+bu+psAy9NKfWklassUA==}

  '@types/debug@4.1.13':
    resolution: {integrity: sha512-KSVgmQmzMwPlmtljOomayoR89W4FynCAi3E8PPs7vmDVPe84hT+vGPKkJfThkmXs0x0jAaa9U8uW8bbfyS2fWw==}

  '@types/ms@2.1.0':
    resolution: {integrity: sha512-GsCCIZDE/p3i96vtEqx+7dBUGXrc7zeSK3wwPHIaRThS+9OhWIXRqzs4d6k1SVU8g91DrNRWxWUGhp5KXQb2VA==}

  '@types/node@20.19.41':
    resolution: {integrity: sha512-ECymXOukMnOoVkC2bb1Vc/w/836DXncOg5m8Xj1RH7xSHZJWNYY6Zh7EH477vcnD5egKNNfy2RpNOmuChhFPgQ==}

  '@types/node@25.8.0':
    resolution: {integrity: sha512-TCFSk8IZh+iLX1xtksoBVtdmgL+1IX0fC9BeU4QqFSuNdN/K+HUlhqOzEmSYYpZUVsLYcPqc9KX+60iDuninSQ==}

  '@types/qrcode@1.5.6':
    resolution: {integrity: sha512-te7NQcV2BOvdj2b1hCAHzAoMNuj65kNBMz0KBaxM6c3VGBOhU0dURQKOtH8CFNI/dsKkwlv32p26qYQTWoB5bw==}

  '@types/serviceworker@0.0.153':
    resolution: {integrity: sha512-/cg6dFEkNchJLyRCGo4Gb8mF200qr3xskM5dCPgbtK0OzXxcFcXa6BEBdyG7JksRsTrvCR+V6aFPncoOYAwYhQ==}

  '@types/stats.js@0.17.4':
    resolution: {integrity: sha512-jIBvWWShCvlBqBNIZt0KAshWpvSjhkwkEu4ZUcASoAvhmrgAUI2t1dXrjSL4xXVLB4FznPrIsX3nKXFl/Dt4vA==}

  '@types/three@0.184.1':
    resolution: {integrity: sha512-6q4VdiqVsrTRqmk62/BnlcAvIrnDM0zf2ZDVKI5kZiniWrSaOHaQzmbp+BNzoggc/8tgW412pL//wZIxu2PPTA==}

  '@types/webxr@0.5.24':
    resolution: {integrity: sha512-h8fgEd/DpoS9CBrjEQXR+dIDraopAEfu4wYVNY2tEPwk60stPWhvZMf4Foo5FakuQ7HFZoa8WceaWFervK2Ovg==}

  '@undecaf/zbar-wasm@0.11.0':
    resolution: {integrity: sha512-z2UZ+Uc50+qyE+HbU+Obdk/E5ecB7xYiu0i99bHQ9VlZVH0JMmE/5mJQa16Cutvwt80C9OZl8jEVayf5s5Azow==}

  ansi-regex@5.0.1:
    resolution: {integrity: sha512-quJQXlTSUGL2LH9SUXo8VwsY4soanhgo6LNSm84E1LBcE8s3O0wpdiRzyR9z/ZZJMlMWv37qOOb9pdJlMUEKFQ==}
    engines: {node: '>=8'}

  ansi-styles@4.3.0:
    resolution: {integrity: sha512-zbB9rCJAT1rbjiVDb2hqKFHNYLxgtk8NURxZ3IZwD3F6NtxbXZQCnnSi1Lkx+IDohdPlFp222wVALIheZJQSEg==}
    engines: {node: '>=8'}

  aruco-marker@3.0.1:
    resolution: {integrity: sha512-PJy3ZP4I+YVRqAieZJuF+UXSvDxuwuGcM6mTyvH/k8k8NkadcxtBlKAMm4q1Mp8BttE1pYQXEsiLrrsSc7MAsA==}

  base-x@4.0.1:
    resolution: {integrity: sha512-uAZ8x6r6S3aUM9rbHGVOIsR15U/ZSc82b3ymnCPsT45Gk1DDvhDPdIgB5MrhirZWt+5K0EEPQH985kNqZgNPFw==}

  bs58@5.0.0:
    resolution: {integrity: sha512-r+ihvQJvahgYT50JD05dyJNKlmmSlMoOGwn1lCcEzanPglg7TxYjioQUYehQ9mAR/+hOSd2jRc/Z2y5UxBymvQ==}

  bs58check@3.0.1:
    resolution: {integrity: sha512-hjuuJvoWEybo7Hn/0xOrczQKKEKD63WguEjlhLExYs2wUBcebDC1jDNK17eEAD2lYfw82d5ASC1d7K3SWszjaQ==}

  camelcase@5.3.1:
    resolution: {integrity: sha512-L28STB170nwWS63UjtlEOE3dldQApaJXZkOI1uMFfzf3rRuPegHaHesyee+YxQ+W6SvRDQV6UrdOdRiR153wJg==}
    engines: {node: '>=6'}

  cbor-extract@2.2.2:
    resolution: {integrity: sha512-hlSxxI9XO2yQfe9g6msd3g4xCfDqK5T5P0fRMLuaLHhxn4ViPrm+a+MUfhrvH2W962RGxcBwEGzLQyjbDG1gng==}
    hasBin: true

  cbor-x@1.6.4:
    resolution: {integrity: sha512-UGKHjp6RHC6QuZ2yy5LCKm7MojM4716DwoSaqwQpaH4DvZvbBTGcoDNTiG9Y2lByXZYFEs9WRkS5tLl96IrF1Q==}

  cliui@6.0.0:
    resolution: {integrity: sha512-t6wbgtoCXvAzst7QgXxJYqPt0usEfbgQdftEPbLL/cvv6HPE5VgvqCuAIDR0NgU52ds6rFwqrgakNLrHEjCbrQ==}

  color-convert@2.0.1:
    resolution: {integrity: sha512-RRECPsj7iu/xb5oKYcsFHSppFNnsj/52OVTRKb4zP5onXwVF3zVmmToNcOfGC+CRDpfK/U584fMg38ZHCaElKQ==}
    engines: {node: '>=7.0.0'}

  color-name@1.1.4:
    resolution: {integrity: sha512-dOy+3AuW3a2wNbZHIuMZpTcgjGuLU/uBL/ubcZF9OXbDo8ff4O8yVp5Bf0efS8uEoYo5q4Fx7dY9OgQGXgAsQA==}

  debug@4.4.3:
    resolution: {integrity: sha512-RGwwWnwQvkVfavKVt22FGLw+xYSdzARwm0ru6DhTVA3umU5hZc28V3kO4stgYryrTlLpuvgI9GiijltAjNbcqA==}
    engines: {node: '>=6.0'}
    peerDependencies:
      supports-color: '*'
    peerDependenciesMeta:
      supports-color:
        optional: true

  decamelize@1.2.0:
    resolution: {integrity: sha512-z2S+W9X73hAUUki+N+9Za2lBlun89zigOyGrsax+KUQ6wKW4ZoWpEYBkGhQjwAjjDCkWxhY0VKEhk8wzY7F5cA==}
    engines: {node: '>=0.10.0'}

  detect-libc@2.1.2:
    resolution: {integrity: sha512-Btj2BOOO83o3WyH59e8MgXsxEQVcarkUOpEYrubB0urwnN10yQ364rsiByU11nZlqWYZm05i/of7io4mzihBtQ==}
    engines: {node: '>=8'}

  dijkstrajs@1.0.3:
    resolution: {integrity: sha512-qiSlmBq9+BCdCA/L46dw8Uy93mloxsPSbwnm5yrKn2vMPiy8KyAskTF6zuV/j5BMsmOGZDPs7KjU+mjb670kfA==}

  emoji-regex@8.0.0:
    resolution: {integrity: sha512-MSjYzcWNOA0ewAHpz0MxpYFvwg6yjy1NG3xteoqz644VCo/RPgnr1/GGt+ic3iJTzQ8Eu3TdM14SawnVUmGE6A==}

  esbuild@0.23.1:
    resolution: {integrity: sha512-VVNz/9Sa0bs5SELtn3f7qhJCDPCF5oMEl5cO9/SSinpE9hbPVvxbd572HH5AKiP7WD8INO53GgfDDhRjkylHEg==}
    engines: {node: '>=18'}
    hasBin: true

  eventemitter3@5.0.4:
    resolution: {integrity: sha512-mlsTRyGaPBjPedk6Bvw+aqbsXDtoAyAzm5MO7JgU+yVRyMQ5O8bD4Kcci7BS85f93veegeCPkL8R4GLClnjLFw==}

  fast-sha256@1.3.0:
    resolution: {integrity: sha512-n11RGP/lrWEFI/bWdygLxhI+pVeo1ZYIVwvvPkW7azl/rOy+F3HYRZ2K5zeE9mmkhQppyv9sQFx0JM9UabnpPQ==}

  fflate@0.8.2:
    resolution: {integrity: sha512-cPJU47OaAoCbg0pBvzsgpTPhmhqI5eJjh/JIu8tPj5q+T7iLvW/JAYUqmE7KOB4R1ZyEhzBaIQpQpardBF5z8A==}

  find-up@4.1.0:
    resolution: {integrity: sha512-PpOwAdQ/YlXQ2vj8a3h8IipDuYRi3wceVQQGYWxNINccq40Anw7BlsEXCMbt1Zt+OLA6Fq9suIpIWD0OsnISlw==}
    engines: {node: '>=8'}

  get-caller-file@2.0.5:
    resolution: {integrity: sha512-DyFP3BM/3YHTQOCUL/w0OZHR0lpKeGrxotcHWcqNEdnltqFwXVfhEBQ94eIo34AfQpo0rGki4cyIiftY06h2Fg==}
    engines: {node: 6.* || 8.* || >= 10.*}

  is-fullwidth-code-point@3.0.0:
    resolution: {integrity: sha512-zymm5+u+sCsSWyD9qNaejV3DFvhCKclKdizYaJUuHA83RLjb7nSuGnddCHGv0hk+KY7BMAlsWeK4Ueg6EV6XQg==}
    engines: {node: '>=8'}

  isomorphic-ws@5.0.0:
    resolution: {integrity: sha512-muId7Zzn9ywDsyXgTIafTry2sV3nySZeUDe6YedVd1Hvuuep5AsIlqK+XefWpYTyJG5e503F2xIuT2lcU6rCSw==}
    peerDependencies:
      ws: '*'

  js-aruco@0.1.0:
    resolution: {integrity: sha512-M6YQ4qR+tSUBXaCV6HdlONdConen7aU3BWx0xiAs5Dgbnl49cGJW1P4x9g5NUTYRxlrC6mPRt1WUeb9OyxEEMA==}

  locate-path@5.0.0:
    resolution: {integrity: sha512-t7hw9pI+WvuwNJXwk5zVHpyhIqzg2qTlklJOf0mVxGSbe3Fp2VieZcduNYjaLDoy6p9uGpQEGWG87WpMKlNq8g==}
    engines: {node: '>=8'}

  meshoptimizer@1.1.1:
    resolution: {integrity: sha512-oRFNWJRDA/WTrVj7NWvqa5HqE1t9MYDj2VaWirQCzCCrAd2GHrqR/sQezCxiWATPNlKTcRaPRHPJwIRoPBAp5g==}

  ms@2.1.3:
    resolution: {integrity: sha512-6FlzubTLZG3J2a/NVCAleEhjzq5oxgHyaCU9yYXvcLsvoVaHJq/s5xXI6/XXP6tz7R9xAOtHnSO/tXtF3WRTlA==}

  node-gyp-build-optional-packages@5.1.1:
    resolution: {integrity: sha512-+P72GAjVAbTxjjwUmwjVrqrdZROD4nf8KgpBoDxqXXTiYZZt/ud60dE5yvCSr9lRO8e8yv6kgJIC0K0PfZFVQw==}
    hasBin: true

  p-limit@2.3.0:
    resolution: {integrity: sha512-//88mFWSJx8lxCzwdAABTJL2MyWB12+eIY7MDL2SqLmAkeKU9qxRvWuSyTjm3FUmpBEMuFfckAIqEaVGUDxb6w==}
    engines: {node: '>=6'}

  p-locate@4.1.0:
    resolution: {integrity: sha512-R79ZZ/0wAxKGu3oYMlz8jy/kbhsNrS7SKZ7PxEHBgJ5+F2mtFW2fK2cOtBh1cHYkQsbzFV7I+EoRKe6Yt0oK7A==}
    engines: {node: '>=8'}

  p-try@2.2.0:
    resolution: {integrity: sha512-R4nPAVTAU0B9D35/Gk3uJf/7XYbQcyohSKdvAxIRSNghFl4e71hVoGnBNQz9cWaXxO2I10KTC+3jMdvvoKw6dQ==}
    engines: {node: '>=6'}

  path-exists@4.0.0:
    resolution: {integrity: sha512-ak9Qy5Q7jYb2Wwcey5Fpvg2KoAc/ZIhLSLOSBmRmygPsGwkVVt0fZa0qrtMz+m6tJTAHfZQ8FnmB4MG4LWy7/w==}
    engines: {node: '>=8'}

  pngjs@5.0.0:
    resolution: {integrity: sha512-40QW5YalBNfQo5yRYmiw7Yz6TKKVr3h6970B2YE+3fQpsWcrbj1PzJgxeJ19DRQjhMbKPIuMY8rFaXc8moolVw==}
    engines: {node: '>=10.13.0'}

  qrcode@1.5.4:
    resolution: {integrity: sha512-1ca71Zgiu6ORjHqFBDpnSMTR2ReToX4l1Au1VFLyVeBTFavzQnv5JxMFr3ukHVKpSrSA2MCk0lNJSykjUfz7Zg==}
    engines: {node: '>=10.13.0'}
    hasBin: true

  require-directory@2.1.1:
    resolution: {integrity: sha512-fGxEI7+wsG9xrvdjsrlmL22OMTTiHRwAMroiEeMgq8gzoLC/PQr7RsRDSTLUg/bZAZtF+TVIkHc6/4RIKrui+Q==}
    engines: {node: '>=0.10.0'}

  require-main-filename@2.0.0:
    resolution: {integrity: sha512-NKN5kMDylKuldxYLSUfrbo5Tuzh4hd+2E8NPPX02mZtn1VuREQToYe/ZdlJy+J3uCpfaiGF05e7B8W0iXbQHmg==}

  resolve.exports@2.0.3:
    resolution: {integrity: sha512-OcXjMsGdhL4XnbShKpAcSqPMzQoYkYyhbEaeSko47MjRP9NfEQMhZkXL1DoFlt9LWQn4YttrdnV6X2OiyzBi+A==}
    engines: {node: '>=10'}

  set-blocking@2.0.0:
    resolution: {integrity: sha512-KiKBS8AnWGEyLzofFfmvKwpdPzqiy16LvQfK3yv/fVH7Bj13/wl3JSR1J+rfgRE9q7xUJK4qvgS8raSOeLUehw==}

  string-width@4.2.3:
    resolution: {integrity: sha512-wKyQRQpjJ0sIp62ErSZdGsjMJWsap5oRNihHhu6G7JVO/9jIB6UyevL+tXuOqrng8j/cxKTWyWUwvSTriiZz/g==}
    engines: {node: '>=8'}

  strip-ansi@6.0.1:
    resolution: {integrity: sha512-Y38VPSHcqkFrCpFnQ9vuSXmquuv5oXOKpGeT6aGrr3o3Gc9AlVa6JBfUSOCnbxGGZF+/0ooI7KrPuUSztUdU5A==}
    engines: {node: '>=8'}

  three@0.184.0:
    resolution: {integrity: sha512-wtTRjG92pM5eUg/KuUnHsqSAlPM296brTOcLgMRqEeylYTh/CdtvKUvCyyCQTzFuStieWxvZb8mVTMvdPyUpxg==}

  tinyargs@0.1.4:
    resolution: {integrity: sha512-5OpdhMRRE70j0zT7mrBpx12FJI+y0EGx8zMe8Vl2/aiwGgpW3X70OVHlsHmHeeG0ncnnWdq1o+k/S5d9ONgzGA==}
    engines: {node: '>=14'}

  undici-types@6.21.0:
    resolution: {integrity: sha512-iwDZqg0QAGrg9Rav5H4n0M64c3mkR59cJ6wQp+7C4nI0gsmExaedaYLNO44eT4AtBBwjbTiGPMlt2Md0T9H9JQ==}

  undici-types@7.24.6:
    resolution: {integrity: sha512-WRNW+sJgj5OBN4/0JpHFqtqzhpbnV0GuB+OozA9gCL7a993SmU+1JBZCzLNxYsbMfIeDL+lTsphD5jN5N+n0zg==}

  uuid@9.0.1:
    resolution: {integrity: sha512-b+1eJOlsR9K8HJpow9Ok3fiWOWSIcIzXodvv0rQjVoOVNpWMpxf1wZNpt4y9h10odCNrqnYp1OBzRktckBe3sA==}
    deprecated: uuid@10 and below is no longer supported.  For ESM codebases, update to uuid@latest.  For CommonJS codebases, use uuid@11 (but be aware this version will likely be deprecated in 2028).
    hasBin: true

  which-module@2.0.1:
    resolution: {integrity: sha512-iBdZ57RDvnOR9AGBhML2vFZf7h8vmBjhoaZqODJBFWHVtKkDmKuHai3cx5PgVMrX5YDNp27AofYbAwctSS+vhQ==}

  wrap-ansi@6.2.0:
    resolution: {integrity: sha512-r6lPcBGxZXlIcymEu7InxDMhdW0KDxpLgoFLcguasxCaJ/SOIZwINatK9KY/tf+ZrlywOKU0UDj3ATXUBfxJXA==}
    engines: {node: '>=8'}

  ws@8.20.1:
    resolution: {integrity: sha512-It4dO0K5v//JtTXuPkfEOaI3uUN87iYPnqo/ZzqCoG3g8uhA66QUMs/SrM0YK7/NAu+r4LMh/9dq2A7k+rHs+w==}
    engines: {node: '>=10.0.0'}
    peerDependencies:
      bufferutil: ^4.0.1
      utf-8-validate: '>=5.0.2'
    peerDependenciesMeta:
      bufferutil:
        optional: true
      utf-8-validate:
        optional: true

  xstate@5.31.1:
    resolution: {integrity: sha512-3P7t7GQ61BvLu+8Cj6Zq7rcS34vecL9pvfN2ucUWmIFIUG+rAREviOs4Xy4OO3BuJHSz6RLU8eqDXxSbVotjDQ==}

  y18n@4.0.3:
    resolution: {integrity: sha512-JKhqTOwSrqNA1NY5lSztJ1GrBiUodLMmIZuLiDaMRJ+itFd+ABVE8XBjOvIWL+rSqNDC74LCSFmlb/U4UZ4hJQ==}

  yargs-parser@18.1.3:
    resolution: {integrity: sha512-o50j0JeToy/4K6OZcaQmW6lyXXKhq7csREXcDwk2omFPJEwUNOVtJKvmDr9EI1fAJZUyZcRF7kxGBWmRXudrCQ==}
    engines: {node: '>=6'}

  yargs@15.4.1:
    resolution: {integrity: sha512-aePbxDmcYW++PaqBsJ+HYUFwCdv4LVvdnhBy78E57PIor8/OVvhMrADFFEDh8DHDFRv/O9i3lPhsENjO7QX0+A==}
    engines: {node: '>=8'}

snapshots:

  '@automerge/automerge-repo-keyhive@0.2.0-alpha.1d':
    dependencies:
      '@automerge/automerge-repo': 2.5.3
      '@automerge/automerge-repo-network-websocket': 2.5.3
      '@keyhive/keyhive': 0.0.0-alpha.56
      cbor-x: 1.6.4
      eventemitter3: 5.0.4
    transitivePeerDependencies:
      - bufferutil
      - supports-color
      - utf-8-validate

  '@automerge/automerge-repo-network-broadcastchannel@2.6.0-subduction.15':
    dependencies:
      '@automerge/automerge-repo': 2.6.0-subduction.15
    transitivePeerDependencies:
      - bufferutil
      - supports-color
      - utf-8-validate

  '@automerge/automerge-repo-network-messagechannel@2.6.0-subduction.15':
    dependencies:
      '@automerge/automerge-repo': 2.6.0-subduction.15
      debug: 4.4.3
      eventemitter3: 5.0.4
    transitivePeerDependencies:
      - bufferutil
      - supports-color
      - utf-8-validate

  '@automerge/automerge-repo-network-websocket@2.5.3':
    dependencies:
      '@automerge/automerge-repo': 2.5.3
      cbor-x: 1.6.4
      debug: 4.4.3
      eventemitter3: 5.0.4
      isomorphic-ws: 5.0.0(ws@8.20.1)
      ws: 8.20.1
    transitivePeerDependencies:
      - bufferutil
      - supports-color
      - utf-8-validate

  '@automerge/automerge-repo-network-websocket@2.6.0-subduction.15':
    dependencies:
      '@automerge/automerge-repo': 2.6.0-subduction.15
      cbor-x: 1.6.4
      debug: 4.4.3
      eventemitter3: 5.0.4
      isomorphic-ws: 5.0.0(ws@8.20.1)
      ws: 8.20.1
    transitivePeerDependencies:
      - bufferutil
      - supports-color
      - utf-8-validate

  '@automerge/automerge-repo-storage-indexeddb@2.6.0-subduction.15':
    dependencies:
      '@automerge/automerge-repo': 2.6.0-subduction.15
    transitivePeerDependencies:
      - bufferutil
      - supports-color
      - utf-8-validate

  '@automerge/automerge-repo@2.5.0':
    dependencies:
      '@automerge/automerge': 3.2.1
      bs58check: 3.0.1
      cbor-x: 1.6.4
      debug: 4.4.3
      eventemitter3: 5.0.4
      fast-sha256: 1.3.0
      uuid: 9.0.1
      xstate: 5.31.1
    transitivePeerDependencies:
      - supports-color

  '@automerge/automerge-repo@2.5.3':
    dependencies:
      '@automerge/automerge': 3.2.6
      bs58check: 3.0.1
      cbor-x: 1.6.4
      debug: 4.4.3
      eventemitter3: 5.0.4
      fast-sha256: 1.3.0
      uuid: 9.0.1
      xstate: 5.31.1
    transitivePeerDependencies:
      - supports-color

  '@automerge/automerge-repo@2.5.5':
    dependencies:
      '@automerge/automerge': 3.2.6
      bs58check: 3.0.1
      cbor-x: 1.6.4
      debug: 4.4.3
      eventemitter3: 5.0.4
      fast-sha256: 1.3.0
      uuid: 9.0.1
      xstate: 5.31.1
    transitivePeerDependencies:
      - supports-color

  '@automerge/automerge-repo@2.6.0-subduction.15':
    dependencies:
      '@automerge/automerge': 3.2.6
      '@automerge/automerge-subduction': 0.8.1
      bs58check: 3.0.1
      cbor-x: 1.6.4
      debug: 4.4.3
      eventemitter3: 5.0.4
      fast-sha256: 1.3.0
      isomorphic-ws: 5.0.0(ws@8.20.1)
      uuid: 9.0.1
      ws: 8.20.1
      xstate: 5.31.1
    transitivePeerDependencies:
      - bufferutil
      - supports-color
      - utf-8-validate

  '@automerge/automerge-subduction@0.8.1': {}

  '@automerge/automerge@3.2.1': {}

  '@automerge/automerge@3.2.6': {}

  '@automerge/vanillajs@2.6.0-subduction.15':
    dependencies:
      '@automerge/automerge-repo': 2.6.0-subduction.15
      '@automerge/automerge-repo-network-broadcastchannel': 2.6.0-subduction.15
      '@automerge/automerge-repo-network-messagechannel': 2.6.0-subduction.15
      '@automerge/automerge-repo-network-websocket': 2.6.0-subduction.15
      '@automerge/automerge-repo-storage-indexeddb': 2.6.0-subduction.15
    transitivePeerDependencies:
      - bufferutil
      - supports-color
      - utf-8-validate

  '@cbor-extract/cbor-extract-darwin-arm64@2.2.2':
    optional: true

  '@cbor-extract/cbor-extract-darwin-x64@2.2.2':
    optional: true

  '@cbor-extract/cbor-extract-linux-arm64@2.2.2':
    optional: true

  '@cbor-extract/cbor-extract-linux-arm@2.2.2':
    optional: true

  '@cbor-extract/cbor-extract-linux-x64@2.2.2':
    optional: true

  '@cbor-extract/cbor-extract-win32-x64@2.2.2':
    optional: true

  '@dimforge/rapier3d-compat@0.12.0': {}

  '@esbuild/aix-ppc64@0.23.1':
    optional: true

  '@esbuild/android-arm64@0.23.1':
    optional: true

  '@esbuild/android-arm@0.23.1':
    optional: true

  '@esbuild/android-x64@0.23.1':
    optional: true

  '@esbuild/darwin-arm64@0.23.1':
    optional: true

  '@esbuild/darwin-x64@0.23.1':
    optional: true

  '@esbuild/freebsd-arm64@0.23.1':
    optional: true

  '@esbuild/freebsd-x64@0.23.1':
    optional: true

  '@esbuild/linux-arm64@0.23.1':
    optional: true

  '@esbuild/linux-arm@0.23.1':
    optional: true

  '@esbuild/linux-ia32@0.23.1':
    optional: true

  '@esbuild/linux-loong64@0.23.1':
    optional: true

  '@esbuild/linux-mips64el@0.23.1':
    optional: true

  '@esbuild/linux-ppc64@0.23.1':
    optional: true

  '@esbuild/linux-riscv64@0.23.1':
    optional: true

  '@esbuild/linux-s390x@0.23.1':
    optional: true

  '@esbuild/linux-x64@0.23.1':
    optional: true

  '@esbuild/netbsd-x64@0.23.1':
    optional: true

  '@esbuild/openbsd-arm64@0.23.1':
    optional: true

  '@esbuild/openbsd-x64@0.23.1':
    optional: true

  '@esbuild/sunos-x64@0.23.1':
    optional: true

  '@esbuild/win32-arm64@0.23.1':
    optional: true

  '@esbuild/win32-ia32@0.23.1':
    optional: true

  '@esbuild/win32-x64@0.23.1':
    optional: true

  '@inkandswitch/patchwork-bootloader@0.0.9(@automerge/automerge-repo-keyhive@0.2.0-alpha.1d)(@automerge/automerge-repo@2.5.5)(@automerge/automerge@3.2.6)(@automerge/vanillajs@2.6.0-subduction.15)':
    dependencies:
      '@automerge/automerge': 3.2.6
      '@automerge/automerge-repo': 2.5.5
      '@automerge/automerge-repo-keyhive': 0.2.0-alpha.1d
      '@automerge/automerge-repo-network-messagechannel': 2.6.0-subduction.15
      '@automerge/automerge-repo-network-websocket': 2.6.0-subduction.15
      '@automerge/automerge-repo-storage-indexeddb': 2.6.0-subduction.15
      '@automerge/automerge-subduction': 0.8.1
      '@automerge/vanillajs': 2.6.0-subduction.15
      '@inkandswitch/patchwork-elements': 0.0.7(@automerge/automerge-repo@2.5.5)(@inkandswitch/patchwork-filesystem@0.0.5(@automerge/automerge-repo@2.5.5)(@automerge/automerge@3.2.6))(@inkandswitch/patchwork-plugins@0.0.7(@automerge/automerge-repo@2.5.5)(@automerge/automerge@3.2.6)(@inkandswitch/patchwork-filesystem@0.0.5(@automerge/automerge-repo@2.5.5)(@automerge/automerge@3.2.6)))
      '@inkandswitch/patchwork-filesystem': 0.0.5(@automerge/automerge-repo@2.5.5)(@automerge/automerge@3.2.6)
      '@inkandswitch/patchwork-plugins': 0.0.7(@automerge/automerge-repo@2.5.5)(@automerge/automerge@3.2.6)(@inkandswitch/patchwork-filesystem@0.0.5(@automerge/automerge-repo@2.5.5)(@automerge/automerge@3.2.6))
      '@types/debug': 4.1.13
      debug: 4.4.3
      resolve.exports: 2.0.3
      service-worker-types: '@types/serviceworker@0.0.153'
      tinyargs: 0.1.4
    transitivePeerDependencies:
      - bufferutil
      - supports-color
      - utf-8-validate

  '@inkandswitch/patchwork-elements@0.0.7(@automerge/automerge-repo@2.5.5)(@inkandswitch/patchwork-filesystem@0.0.5(@automerge/automerge-repo@2.5.5)(@automerge/automerge@3.2.6))(@inkandswitch/patchwork-plugins@0.0.7(@automerge/automerge-repo@2.5.5)(@automerge/automerge@3.2.6)(@inkandswitch/patchwork-filesystem@0.0.5(@automerge/automerge-repo@2.5.5)(@automerge/automerge@3.2.6)))':
    dependencies:
      '@automerge/automerge-repo': 2.5.5
      '@inkandswitch/patchwork-filesystem': 0.0.5(@automerge/automerge-repo@2.5.5)(@automerge/automerge@3.2.6)
      '@inkandswitch/patchwork-plugins': 0.0.7(@automerge/automerge-repo@2.5.5)(@automerge/automerge@3.2.6)(@inkandswitch/patchwork-filesystem@0.0.5(@automerge/automerge-repo@2.5.5)(@automerge/automerge@3.2.6))
      debug: 4.4.3
    transitivePeerDependencies:
      - supports-color

  '@inkandswitch/patchwork-filesystem@0.0.3':
    dependencies:
      '@automerge/automerge': 3.2.1
      '@automerge/automerge-repo': 2.5.0
      '@types/debug': 4.1.13
      '@types/node': 20.19.41
      debug: 4.4.3
      resolve.exports: 2.0.3
    transitivePeerDependencies:
      - supports-color

  '@inkandswitch/patchwork-filesystem@0.0.5(@automerge/automerge-repo@2.5.5)(@automerge/automerge@3.2.6)':
    dependencies:
      '@automerge/automerge': 3.2.6
      '@automerge/automerge-repo': 2.5.5
      '@types/debug': 4.1.13
      '@types/node': 20.19.41
      debug: 4.4.3
      resolve.exports: 2.0.3
    transitivePeerDependencies:
      - supports-color

  '@inkandswitch/patchwork-plugins@0.0.4':
    dependencies:
      '@automerge/automerge': 3.2.1
      '@automerge/automerge-repo': 2.5.0
      '@inkandswitch/patchwork-filesystem': 0.0.3
      '@types/debug': 4.1.13
      '@types/node': 20.19.41
      debug: 4.4.3
      eventemitter3: 5.0.4
      resolve.exports: 2.0.3
    transitivePeerDependencies:
      - supports-color

  '@inkandswitch/patchwork-plugins@0.0.7(@automerge/automerge-repo@2.5.5)(@automerge/automerge@3.2.6)(@inkandswitch/patchwork-filesystem@0.0.5(@automerge/automerge-repo@2.5.5)(@automerge/automerge@3.2.6))':
    dependencies:
      '@automerge/automerge': 3.2.6
      '@automerge/automerge-repo': 2.5.5
      '@inkandswitch/patchwork-filesystem': 0.0.5(@automerge/automerge-repo@2.5.5)(@automerge/automerge@3.2.6)
      '@types/debug': 4.1.13
      '@types/node': 20.19.41
      debug: 4.4.3
      eventemitter3: 5.0.4
      resolve.exports: 2.0.3
    transitivePeerDependencies:
      - supports-color

  '@keyhive/keyhive@0.0.0-alpha.56': {}

  '@mediapipe/tasks-vision@0.10.35': {}

  '@noble/hashes@1.8.0': {}

  '@pixiv/three-vrm-core@3.5.2(three@0.184.0)':
    dependencies:
      '@pixiv/types-vrm-0.0': 3.5.2
      '@pixiv/types-vrmc-vrm-1.0': 3.5.2
      three: 0.184.0

  '@pixiv/three-vrm-materials-hdr-emissive-multiplier@3.5.2(three@0.184.0)':
    dependencies:
      '@pixiv/types-vrmc-materials-hdr-emissive-multiplier-1.0': 3.5.2
      three: 0.184.0

  '@pixiv/three-vrm-materials-mtoon@3.5.2(three@0.184.0)':
    dependencies:
      '@pixiv/types-vrm-0.0': 3.5.2
      '@pixiv/types-vrmc-materials-mtoon-1.0': 3.5.2
      three: 0.184.0

  '@pixiv/three-vrm-materials-v0compat@3.5.2(three@0.184.0)':
    dependencies:
      '@pixiv/types-vrm-0.0': 3.5.2
      '@pixiv/types-vrmc-materials-mtoon-1.0': 3.5.2
      three: 0.184.0

  '@pixiv/three-vrm-node-constraint@3.5.2(three@0.184.0)':
    dependencies:
      '@pixiv/types-vrmc-node-constraint-1.0': 3.5.2
      three: 0.184.0

  '@pixiv/three-vrm-springbone@3.5.2(three@0.184.0)':
    dependencies:
      '@pixiv/types-vrm-0.0': 3.5.2
      '@pixiv/types-vrmc-springbone-1.0': 3.5.2
      '@pixiv/types-vrmc-springbone-extended-collider-1.0': 3.5.2
      three: 0.184.0

  '@pixiv/three-vrm@3.5.2(three@0.184.0)':
    dependencies:
      '@pixiv/three-vrm-core': 3.5.2(three@0.184.0)
      '@pixiv/three-vrm-materials-hdr-emissive-multiplier': 3.5.2(three@0.184.0)
      '@pixiv/three-vrm-materials-mtoon': 3.5.2(three@0.184.0)
      '@pixiv/three-vrm-materials-v0compat': 3.5.2(three@0.184.0)
      '@pixiv/three-vrm-node-constraint': 3.5.2(three@0.184.0)
      '@pixiv/three-vrm-springbone': 3.5.2(three@0.184.0)
      three: 0.184.0

  '@pixiv/types-vrm-0.0@3.5.2': {}

  '@pixiv/types-vrmc-materials-hdr-emissive-multiplier-1.0@3.5.2': {}

  '@pixiv/types-vrmc-materials-mtoon-1.0@3.5.2': {}

  '@pixiv/types-vrmc-node-constraint-1.0@3.5.2': {}

  '@pixiv/types-vrmc-springbone-1.0@3.5.2': {}

  '@pixiv/types-vrmc-springbone-extended-collider-1.0@3.5.2': {}

  '@pixiv/types-vrmc-vrm-1.0@3.5.2': {}

  '@tweenjs/tween.js@23.1.3': {}

  '@types/debug@4.1.13':
    dependencies:
      '@types/ms': 2.1.0

  '@types/ms@2.1.0': {}

  '@types/node@20.19.41':
    dependencies:
      undici-types: 6.21.0

  '@types/node@25.8.0':
    dependencies:
      undici-types: 7.24.6

  '@types/qrcode@1.5.6':
    dependencies:
      '@types/node': 25.8.0

  '@types/serviceworker@0.0.153': {}

  '@types/stats.js@0.17.4': {}

  '@types/three@0.184.1':
    dependencies:
      '@dimforge/rapier3d-compat': 0.12.0
      '@tweenjs/tween.js': 23.1.3
      '@types/stats.js': 0.17.4
      '@types/webxr': 0.5.24
      fflate: 0.8.2
      meshoptimizer: 1.1.1

  '@types/webxr@0.5.24': {}

  '@undecaf/zbar-wasm@0.11.0': {}

  ansi-regex@5.0.1: {}

  ansi-styles@4.3.0:
    dependencies:
      color-convert: 2.0.1

  aruco-marker@3.0.1: {}

  base-x@4.0.1: {}

  bs58@5.0.0:
    dependencies:
      base-x: 4.0.1

  bs58check@3.0.1:
    dependencies:
      '@noble/hashes': 1.8.0
      bs58: 5.0.0

  camelcase@5.3.1: {}

  cbor-extract@2.2.2:
    dependencies:
      node-gyp-build-optional-packages: 5.1.1
    optionalDependencies:
      '@cbor-extract/cbor-extract-darwin-arm64': 2.2.2
      '@cbor-extract/cbor-extract-darwin-x64': 2.2.2
      '@cbor-extract/cbor-extract-linux-arm': 2.2.2
      '@cbor-extract/cbor-extract-linux-arm64': 2.2.2
      '@cbor-extract/cbor-extract-linux-x64': 2.2.2
      '@cbor-extract/cbor-extract-win32-x64': 2.2.2
    optional: true

  cbor-x@1.6.4:
    optionalDependencies:
      cbor-extract: 2.2.2

  cliui@6.0.0:
    dependencies:
      string-width: 4.2.3
      strip-ansi: 6.0.1
      wrap-ansi: 6.2.0

  color-convert@2.0.1:
    dependencies:
      color-name: 1.1.4

  color-name@1.1.4: {}

  debug@4.4.3:
    dependencies:
      ms: 2.1.3

  decamelize@1.2.0: {}

  detect-libc@2.1.2:
    optional: true

  dijkstrajs@1.0.3: {}

  emoji-regex@8.0.0: {}

  esbuild@0.23.1:
    optionalDependencies:
      '@esbuild/aix-ppc64': 0.23.1
      '@esbuild/android-arm': 0.23.1
      '@esbuild/android-arm64': 0.23.1
      '@esbuild/android-x64': 0.23.1
      '@esbuild/darwin-arm64': 0.23.1
      '@esbuild/darwin-x64': 0.23.1
      '@esbuild/freebsd-arm64': 0.23.1
      '@esbuild/freebsd-x64': 0.23.1
      '@esbuild/linux-arm': 0.23.1
      '@esbuild/linux-arm64': 0.23.1
      '@esbuild/linux-ia32': 0.23.1
      '@esbuild/linux-loong64': 0.23.1
      '@esbuild/linux-mips64el': 0.23.1
      '@esbuild/linux-ppc64': 0.23.1
      '@esbuild/linux-riscv64': 0.23.1
      '@esbuild/linux-s390x': 0.23.1
      '@esbuild/linux-x64': 0.23.1
      '@esbuild/netbsd-x64': 0.23.1
      '@esbuild/openbsd-arm64': 0.23.1
      '@esbuild/openbsd-x64': 0.23.1
      '@esbuild/sunos-x64': 0.23.1
      '@esbuild/win32-arm64': 0.23.1
      '@esbuild/win32-ia32': 0.23.1
      '@esbuild/win32-x64': 0.23.1

  eventemitter3@5.0.4: {}

  fast-sha256@1.3.0: {}

  fflate@0.8.2: {}

  find-up@4.1.0:
    dependencies:
      locate-path: 5.0.0
      path-exists: 4.0.0

  get-caller-file@2.0.5: {}

  is-fullwidth-code-point@3.0.0: {}

  isomorphic-ws@5.0.0(ws@8.20.1):
    dependencies:
      ws: 8.20.1

  js-aruco@0.1.0: {}

  locate-path@5.0.0:
    dependencies:
      p-locate: 4.1.0

  meshoptimizer@1.1.1: {}

  ms@2.1.3: {}

  node-gyp-build-optional-packages@5.1.1:
    dependencies:
      detect-libc: 2.1.2
    optional: true

  p-limit@2.3.0:
    dependencies:
      p-try: 2.2.0

  p-locate@4.1.0:
    dependencies:
      p-limit: 2.3.0

  p-try@2.2.0: {}

  path-exists@4.0.0: {}

  pngjs@5.0.0: {}

  qrcode@1.5.4:
    dependencies:
      dijkstrajs: 1.0.3
      pngjs: 5.0.0
      yargs: 15.4.1

  require-directory@2.1.1: {}

  require-main-filename@2.0.0: {}

  resolve.exports@2.0.3: {}

  set-blocking@2.0.0: {}

  string-width@4.2.3:
    dependencies:
      emoji-regex: 8.0.0
      is-fullwidth-code-point: 3.0.0
      strip-ansi: 6.0.1

  strip-ansi@6.0.1:
    dependencies:
      ansi-regex: 5.0.1

  three@0.184.0: {}

  tinyargs@0.1.4: {}

  undici-types@6.21.0: {}

  undici-types@7.24.6: {}

  uuid@9.0.1: {}

  which-module@2.0.1: {}

  wrap-ansi@6.2.0:
    dependencies:
      ansi-styles: 4.3.0
      string-width: 4.2.3
      strip-ansi: 6.0.1

  ws@8.20.1: {}

  xstate@5.31.1: {}

  y18n@4.0.3: {}

  yargs-parser@18.1.3:
    dependencies:
      camelcase: 5.3.1
      decamelize: 1.2.0

  yargs@15.4.1:
    dependencies:
      cliui: 6.0.0
      decamelize: 1.2.0
      find-up: 4.1.0
      get-caller-file: 2.0.5
      require-directory: 2.1.1
      require-main-filename: 2.0.0
      set-blocking: 2.0.0
      string-width: 4.2.3
      which-module: 2.0.1
      y18n: 4.0.3
      yargs-parser: 18.1.3
